
Microsoft Visual Studio Solution File, Format Version 12.00
# Visual Studio Version 16
VisualStudioVersion = 16.0.28729.10
MinimumVisualStudioVersion = 10.0.40219.1
Project("{9A19103F-16F7-4668-BE54-9A1E7A4F7556}") = "vlookup", "vlookup\vlookup.csproj", "{0B355B7D-32BA-453F-9B76-97E70A527D68}"
EndProject
Project("{2150E333-8FDC-42A3-9474-1A3956D46DE8}") = "SampleData", "SampleData", "{2A7DC79E-5A99-42BA-B7CF-3A6411207ACD}"
	ProjectSection(SolutionItems) = preProject
		SampleData\file1.csv = SampleData\file1.csv
		SampleData\file2.csv = SampleData\file2.csv
		SampleData\typeA-1.csv = SampleData\typeA-1.csv
		SampleData\typeA-2.csv = SampleData\typeA-2.csv
		SampleData\typeB-1.csv = SampleData\typeB-1.csv
		SampleData\typeB-2.csv = SampleData\typeB-2.csv
	EndProjectSection
EndProject
Project("{9A19103F-16F7-4668-BE54-9A1E7A4F7556}") = "UnitTestProject1", "UnitTestProject1\UnitTestProject1.csproj", "{F3B017D4-4146-46A7-9987-AA928B08FC14}"
EndProject
Global
	GlobalSection(SolutionConfigurationPlatforms) = preSolution
		Debug|Any CPU = Debug|Any CPU
		Release|Any CPU = Release|Any CPU
	EndGlobalSection
	GlobalSection(ProjectConfigurationPlatforms) = postSolution
		{0B355B7D-32BA-453F-9B76-97E70A527D68}.Debug|Any CPU.ActiveCfg = Debug|Any CPU
		{0B355B7D-32BA-453F-9B76-97E70A527D68}.Debug|Any CPU.Build.0 = Debug|Any CPU
		{0B355B7D-32BA-453F-9B76-97E70A527D68}.Release|Any CPU.ActiveCfg = Release|Any CPU
		{0B355B7D-32BA-453F-9B76-97E70A527D68}.Release|Any CPU.Build.0 = Release|Any CPU
		{F3B017D4-4146-46A7-9987-AA928B08FC14}.Debug|Any CPU.ActiveCfg = Debug|Any CPU
		{F3B017D4-4146-46A7-9987-AA928B08FC14}.Debug|Any CPU.Build.0 = Debug|Any CPU
		{F3B017D4-4146-46A7-9987-AA928B08FC14}.Release|Any CPU.ActiveCfg = Release|Any CPU
		{F3B017D4-4146-46A7-9987-AA928B08FC14}.Release|Any CPU.Build.0 = Release|Any CPU
	EndGlobalSection
	GlobalSection(SolutionProperties) = preSolution
		HideSolutionNode = FALSE
	EndGlobalSection
	GlobalSection(ExtensibilityGlobals) = postSolution
		SolutionGuid = {B3B48596-F487-4E37-BEFB-D0EACA5480AC}
	EndGlobalSection
EndGlobal
